// !$*UTF8*$!
{
	archiveVersion = 1;
	classes = {
	};
	objectVersion = 56;
	objects = {

/* Begin PBXBuildFile section */
		A36E56A029FBB74500DD375F /* AppDelegate.swift in Sources */ = {isa = PBXBuildFile; fileRef = A36E569F29FBB74500DD375F /* AppDelegate.swift */; };
		A36E56A229FBB74500DD375F /* SceneDelegate.swift in Sources */ = {isa = PBXBuildFile; fileRef = A36E56A129FBB74500DD375F /* SceneDelegate.swift */; };
		A36E56A429FBB74500DD375F /* ViewController.swift in Sources */ = {isa = PBXBuildFile; fileRef = A36E56A329FBB74500DD375F /* ViewController.swift */; };
		A36E56A729FBB74500DD375F /* Main.storyboard in Resources */ = {isa = PBXBuildFile; fileRef = A36E56A529FBB74500DD375F /* Main.storyboard */; };
		A36E56A929FBB74600DD375F /* Assets.xcassets in Resources */ = {isa = PBXBuildFile; fileRef = A36E56A829FBB74600DD375F /* Assets.xcassets */; };
		A36E56AC29FBB74600DD375F /* LaunchScreen.storyboard in Resources */ = {isa = PBXBuildFile; fileRef = A36E56AA29FBB74600DD375F /* LaunchScreen.storyboard */; };
		A36E56B729FBCB9C00DD375F /* ViewControllerExtension.swift in Sources */ = {isa = PBXBuildFile; fileRef = A36E56B629FBCB9C00DD375F /* ViewControllerExtension.swift */; };
		A3CC76BD2A00F6470018AB14 /* NetworkWeatherManager.swift in Sources */ = {isa = PBXBuildFile; fileRef = A3CC76BC2A00F6470018AB14 /* NetworkWeatherManager.swift */; };
		A3CC76C02A01031E0018AB14 /* CurrentWeatherData.swift in Sources */ = {isa = PBXBuildFile; fileRef = A3CC76BF2A01031E0018AB14 /* CurrentWeatherData.swift */; };
		A3CC76C22A0109C60018AB14 /* CurrentWeather.swift in Sources */ = {isa = PBXBuildFile; fileRef = A3CC76C12A0109C60018AB14 /* CurrentWeather.swift */; };
		A3CC76C42A0138410018AB14 /* CLLocationManagerDelegate.swift in Sources */ = {isa = PBXBuildFile; fileRef = A3CC76C32A0138410018AB14 /* CLLocationManagerDelegate.swift */; };
/* End PBXBuildFile section */

/* Begin PBXFileReference section */
		A36E569C29FBB74500DD375F /* MyWeather.app */ = {isa = PBXFileReference; explicitFileType = wrapper.application; includeInIndex = 0; path = MyWeather.app; sourceTree = BUILT_PRODUCTS_DIR; };
		A36E569F29FBB74500DD375F /* AppDelegate.swift */ = {isa = PBXFileReference; lastKnownFileType = sourcecode.swift; path = AppDelegate.swift; sourceTree = "<group>"; };
		A36E56A129FBB74500DD375F /* SceneDelegate.swift */ = {isa = PBXFileReference; lastKnownFileType = sourcecode.swift; path = SceneDelegate.swift; sourceTree = "<group>"; };
		A36E56A329FBB74500DD375F /* ViewController.swift */ = {isa = PBXFileReference; lastKnownFileType = sourcecode.swift; path = ViewController.swift; sourceTree = "<group>"; };
		A36E56A629FBB74500DD375F /* Base */ = {isa = PBXFileReference; lastKnownFileType = file.storyboard; name = Base; path = Base.lproj/Main.storyboard; sourceTree = "<group>"; };
		A36E56A829FBB74600DD375F /* Assets.xcassets */ = {isa = PBXFileReference; lastKnownFileType = folder.assetcatalog; path = Assets.xcassets; sourceTree = "<group>"; };
		A36E56AB29FBB74600DD375F /* Base */ = {isa = PBXFileReference; lastKnownFileType = file.storyboard; name = Base; path = Base.lproj/LaunchScreen.storyboard; sourceTree = "<group>"; };
		A36E56AD29FBB74600DD375F /* Info.plist */ = {isa = PBXFileReference; lastKnownFileType = text.plist.xml; path = Info.plist; sourceTree = "<group>"; };
		A36E56B629FBCB9C00DD375F /* ViewControllerExtension.swift */ = {isa = PBXFileReference; lastKnownFileType = sourcecode.swift; path = ViewControllerExtension.swift; sourceTree = "<group>"; };
		A3CC76BC2A00F6470018AB14 /* NetworkWeatherManager.swift */ = {isa = PBXFileReference; lastKnownFileType = sourcecode.swift; path = NetworkWeatherManager.swift; sourceTree = "<group>"; };
		A3CC76BF2A01031E0018AB14 /* CurrentWeatherData.swift */ = {isa = PBXFileReference; lastKnownFileType = sourcecode.swift; path = CurrentWeatherData.swift; sourceTree = "<group>"; };
		A3CC76C12A0109C60018AB14 /* CurrentWeather.swift */ = {isa = PBXFileReference; lastKnownFileType = sourcecode.swift; path = CurrentWeather.swift; sourceTree = "<group>"; };
		A3CC76C32A0138410018AB14 /* CLLocationManagerDelegate.swift */ = {isa = PBXFileReference; lastKnownFileType = sourcecode.swift; path = CLLocationManagerDelegate.swift; sourceTree = "<group>"; };
/* End PBXFileReference section */

/* Begin PBXFrameworksBuildPhase section */
		A36E569929FBB74500DD375F /* Frameworks */ = {
			isa = PBXFrameworksBuildPhase;
			buildActionMask = 2147483647;
			files = (
			);
			runOnlyForDeploymentPostprocessing = 0;
		};
/* End PBXFrameworksBuildPhase section */

/* Begin PBXGroup section */
		A36E569329FBB74500DD375F = {
			isa = PBXGroup;
			children = (
				A36E569E29FBB74500DD375F /* MyWeather */,
				A36E569D29FBB74500DD375F /* Products */,
			);
			sourceTree = "<group>";
		};
		A36E569D29FBB74500DD375F /* Products */ = {
			isa = PBXGroup;
			children = (
				A36E569C29FBB74500DD375F /* MyWeather.app */,
			);
			name = Products;
			sourceTree = "<group>";
		};
		A36E569E29FBB74500DD375F /* MyWeather */ = {
			isa = PBXGroup;
			children = (
				A36E56B829FBCBA500DD375F /* Extensions */,
				A3CC76BE2A00F6570018AB14 /* Models */,
				A36E56B529FBC10600DD375F /* View Controllers */,
				A36E56B329FBC06E00DD375F /* Views */,
				A36E56B429FBC0CF00DD375F /* Supporting Files */,
				A36E56AD29FBB74600DD375F /* Info.plist */,
			);
			path = MyWeather;
			sourceTree = "<group>";
		};
		A36E56B329FBC06E00DD375F /* Views */ = {
			isa = PBXGroup;
			children = (
				A36E56A529FBB74500DD375F /* Main.storyboard */,
			);
			path = Views;
			sourceTree = "<group>";
		};
		A36E56B429FBC0CF00DD375F /* Supporting Files */ = {
			isa = PBXGroup;
			children = (
				A36E569F29FBB74500DD375F /* AppDelegate.swift */,
				A36E56A129FBB74500DD375F /* SceneDelegate.swift */,
				A36E56A829FBB74600DD375F /* Assets.xcassets */,
				A36E56AA29FBB74600DD375F /* LaunchScreen.storyboard */,
			);
			path = "Supporting Files";
			sourceTree = "<group>";
		};
		A36E56B529FBC10600DD375F /* View Controllers */ = {
			isa = PBXGroup;
			children = (
				A36E56A329FBB74500DD375F /* ViewController.swift */,
			);
			path = "View Controllers";
			sourceTree = "<group>";
		};
		A36E56B829FBCBA500DD375F /* Extensions */ = {
			isa = PBXGroup;
			children = (
				A36E56B629FBCB9C00DD375F /* ViewControllerExtension.swift */,
				A3CC76C32A0138410018AB14 /* CLLocationManagerDelegate.swift */,
			);
			path = Extensions;
			sourceTree = "<group>";
		};
		A3CC76BE2A00F6570018AB14 /* Models */ = {
			isa = PBXGroup;
			children = (
				A3CC76BC2A00F6470018AB14 /* NetworkWeatherManager.swift */,
				A3CC76BF2A01031E0018AB14 /* CurrentWeatherData.swift */,
				A3CC76C12A0109C60018AB14 /* CurrentWeather.swift */,
			);
			path = Models;
			sourceTree = "<group>";
		};
/* End PBXGroup section */

/* Begin PBXNativeTarget section */
		A36E569B29FBB74500DD375F /* MyWeather */ = {
			isa = PBXNativeTarget;
			buildConfigurationList = A36E56B029FBB74600DD375F /* Build configuration list for PBXNativeTarget "MyWeather" */;
			buildPhases = (
				A36E569829FBB74500DD375F /* Sources */,
				A36E569929FBB74500DD375F /* Frameworks */,
				A36E569A29FBB74500DD375F /* Resources */,
			);
			buildRules = (
			);
			dependencies = (
			);
			name = MyWeather;
			productName = MyWeather;
			productReference = A36E569C29FBB74500DD375F /* MyWeather.app */;
			productType = "com.apple.product-type.application";
		};
/* End PBXNativeTarget section */

/* Begin PBXProject section */
		A36E569429FBB74500DD375F /* Project object */ = {
			isa = PBXProject;
			attributes = {
				BuildIndependentTargetsInParallel = 1;
				LastSwiftUpdateCheck = 1430;
				LastUpgradeCheck = 1430;
				TargetAttributes = {
					A36E569B29FBB74500DD375F = {
						CreatedOnToolsVersion = 14.3;
					};
				};
			};
			buildConfigurationList = A36E569729FBB74500DD375F /* Build configuration list for PBXProject "MyWeather" */;
			compatibilityVersion = "Xcode 14.0";
			developmentRegion = en;
			hasScannedForEncodings = 0;
			knownRegions = (
				en,
				Base,
			);
			mainGroup = A36E569329FBB74500DD375F;
			productRefGroup = A36E569D29FBB74500DD375F /* Products */;
			projectDirPath = "";
			projectRoot = "";
			targets = (
				A36E569B29FBB74500DD375F /* MyWeather */,
			);
		};
/* End PBXProject section */

/* Begin PBXResourcesBuildPhase section */
		A36E569A29FBB74500DD375F /* Resources */ = {
			isa = PBXResourcesBuildPhase;
			buildActionMask = 2147483647;
			files = (
				A36E56AC29FBB74600DD375F /* LaunchScreen.storyboard in Resources */,
				A36E56A929FBB74600DD375F /* Assets.xcassets in Resources */,
				A36E56A729FBB74500DD375F /* Main.storyboard in Resources */,
			);
			runOnlyForDeploymentPostprocessing = 0;
		};
/* End PBXResourcesBuildPhase section */

/* Begin PBXSourcesBuildPhase section */
		A36E569829FBB74500DD375F /* Sources */ = {
			isa = PBXSourcesBuildPhase;
			buildActionMask = 2147483647;
			files = (
				A36E56B729FBCB9C00DD375F /* ViewControllerExtension.swift in Sources */,
				A3CC76C22A0109C60018AB14 /* CurrentWeather.swift in Sources */,
				A3CC76C42A0138410018AB14 /* CLLocationManagerDelegate.swift in Sources */,
				A36E56A429FBB74500DD375F /* ViewController.swift in Sources */,
				A3CC76BD2A00F6470018AB14 /* NetworkWeatherManager.swift in Sources */,
				A36E56A029FBB74500DD375F /* AppDelegate.swift in Sources */,
				A3CC76C02A01031E0018AB14 /* CurrentWeatherData.swift in Sources */,
				A36E56A229FBB74500DD375F /* SceneDelegate.swift in Sources */,
			);
			runOnlyForDeploymentPostprocessing = 0;
		};
/* End PBXSourcesBuildPhase section */

/* Begin PBXVariantGroup section */
		A36E56A529FBB74500DD375F /* Main.storyboard */ = {
			isa = PBXVariantGroup;
			children = (
				A36E56A629FBB74500DD375F /* Base */,
			);
			name = Main.storyboard;
			sourceTree = "<group>";
		};
		A36E56AA29FBB74600DD375F /* LaunchScreen.storyboard */ = {
			isa = PBXVariantGroup;
			children = (
				A36E56AB29FBB74600DD375F /* Base */,
			);
			name = LaunchScreen.storyboard;
			sourceTree = "<group>";
		};
/* End PBXVariantGroup section */

/* Begin XCBuildConfiguration section */
		A36E56AE29FBB74600DD375F /* Debug */ = {
			isa = XCBuildConfiguration;
			buildSettings = {
				ALWAYS_SEARCH_USER_PATHS = NO;
				CLANG_ANALYZER_NONNULL = YES;
				CLANG_ANALYZER_NUMBER_OBJECT_CONVERSION = YES_AGGRESSIVE;
				CLANG_CXX_LANGUAGE_STANDARD = "gnu++20";
				CLANG_ENABLE_MODULES = YES;
				CLANG_ENABLE_OBJC_ARC = YES;
				CLANG_ENABLE_OBJC_WEAK = YES;
				CLANG_WARN_BLOCK_CAPTURE_AUTORELEASING = YES;
				CLANG_WARN_BOOL_CONVERSION = YES;
				CLANG_WARN_COMMA = YES;
				CLANG_WARN_CONSTANT_CONVERSION = YES;
				CLANG_WARN_DEPRECATED_OBJC_IMPLEMENTATIONS = YES;
				CLANG_WARN_DIRECT_OBJC_ISA_USAGE = YES_ERROR;
				CLANG_WARN_DOCUMENTATION_COMMENTS = YES;
				CLANG_WARN_EMPTY_BODY = YES;
				CLANG_WARN_ENUM_CONVERSION = YES;
				CLANG_WARN_INFINITE_RECURSION = YES;
				CLANG_WARN_INT_CONVERSION = YES;
				CLANG_WARN_NON_LITERAL_NULL_CONVERSION = YES;
				CLANG_WARN_OBJC_IMPLICIT_RETAIN_SELF = YES;
				CLANG_WARN_OBJC_LITERAL_CONVERSION = YES;
				CLANG_WARN_OBJC_ROOT_CLASS = YES_ERROR;
				CLANG_WARN_QUOTED_INCLUDE_IN_FRAMEWORK_HEADER = YES;
				CLANG_WARN_RANGE_LOOP_ANALYSIS = YES;
				CLANG_WARN_STRICT_PROTOTYPES = YES;
				CLANG_WARN_SUSPICIOUS_MOVE = YES;
				CLANG_WARN_UNGUARDED_AVAILABILITY = YES_AGGRESSIVE;
				CLANG_WARN_UNREACHABLE_CODE = YES;
				CLANG_WARN__DUPLICATE_METHOD_MATCH = YES;
				COPY_PHASE_STRIP = NO;
				DEBUG_INFORMATION_FORMAT = dwarf;
				ENABLE_STRICT_OBJC_MSGSEND = YES;
				ENABLE_TESTABILITY = YES;
				GCC_C_LANGUAGE_STANDARD = gnu11;
				GCC_DYNAMIC_NO_PIC = NO;
				GCC_NO_COMMON_BLOCKS = YES;
				GCC_OPTIMIZATION_LEVEL = 0;
				GCC_PREPROCESSOR_DEFINITIONS = (
					"DEBUG=1",
					"$(inherited)",
				);
				GCC_WARN_64_TO_32_BIT_CONVERSION = YES;
				GCC_WARN_ABOUT_RETURN_TYPE = YES_ERROR;
				GCC_WARN_UNDECLARED_SELECTOR = YES;
				GCC_WARN_UNINITIALIZED_AUTOS = YES_AGGRESSIVE;
				GCC_WARN_UNUSED_FUNCTION = YES;
				GCC_WARN_UNUSED_VARIABLE = YES;
				IPHONEOS_DEPLOYMENT_TARGET = 16.4;
				MTL_ENABLE_DEBUG_INFO = INCLUDE_SOURCE;
				MTL_FAST_MATH = YES;
				ONLY_ACTIVE_ARCH = YES;
				SDKROOT = iphoneos;
				SWIFT_ACTIVE_COMPILATION_CONDITIONS = DEBUG;
				SWIFT_OPTIMIZATION_LEVEL = "-Onone";
			};
			name = Debug;
		};
		A36E56AF29FBB74600DD375F /* Release */ = {
			isa = XCBuildConfiguration;
			buildSettings = {
				ALWAYS_SEARCH_USER_PATHS = NO;
				CLANG_ANALYZER_NONNULL = YES;
				CLANG_ANALYZER_NUMBER_OBJECT_CONVERSION = YES_AGGRESSIVE;
				CLANG_CXX_LANGUAGE_STANDARD = "gnu++20";
				CLANG_ENABLE_MODULES = YES;
				CLANG_ENABLE_OBJC_ARC = YES;
				CLANG_ENABLE_OBJC_WEAK = YES;
				CLANG_WARN_BLOCK_CAPTURE_AUTORELEASING = YES;
				CLANG_WARN_BOOL_CONVERSION = YES;
				CLANG_WARN_COMMA = YES;
				CLANG_WARN_CONSTANT_CONVERSION = YES;
				CLANG_WARN_DEPRECATED_OBJC_IMPLEMENTATIONS = YES;
				CLANG_WARN_DIRECT_OBJC_ISA_USAGE = YES_ERROR;
				CLANG_WARN_DOCUMENTATION_COMMENTS = YES;
				CLANG_WARN_EMPTY_BODY = YES;
				CLANG_WARN_ENUM_CONVERSION = YES;
				CLANG_WARN_INFINITE_RECURSION = YES;
				CLANG_WARN_INT_CONVERSION = YES;
				CLANG_WARN_NON_LITERAL_NULL_CONVERSION = YES;
				CLANG_WARN_OBJC_IMPLICIT_RETAIN_SELF = YES;
				CLANG_WARN_OBJC_LITERAL_CONVERSION = YES;
				CLANG_WARN_OBJC_ROOT_CLASS = YES_ERROR;
				CLANG_WARN_QUOTED_INCLUDE_IN_FRAMEWORK_HEADER = YES;
				CLANG_WARN_RANGE_LOOP_ANALYSIS = YES;
				CLANG_WARN_STRICT_PROTOTYPES = YES;
				CLANG_WARN_SUSPICIOUS_MOVE = YES;
				CLANG_WARN_UNGUARDED_AVAILABILITY = YES_AGGRESSIVE;
				CLANG_WARN_UNREACHABLE_CODE = YES;
				CLANG_WARN__DUPLICATE_METHOD_MATCH = YES;
				COPY_PHASE_STRIP = NO;
				DEBUG_INFORMATION_FORMAT = "dwarf-with-dsym";
				ENABLE_NS_ASSERTIONS = NO;
				ENABLE_STRICT_OBJC_MSGSEND = YES;
				GCC_C_LANGUAGE_STANDARD = gnu11;
				GCC_NO_COMMON_BLOCKS = YES;
				GCC_WARN_64_TO_32_BIT_CONVERSION = YES;
				GCC_WARN_ABOUT_RETURN_TYPE = YES_ERROR;
				GCC_WARN_UNDECLARED_SELECTOR = YES;
				GCC_WARN_UNINITIALIZED_AUTOS = YES_AGGRESSIVE;
				GCC_WARN_UNUSED_FUNCTION = YES;
				GCC_WARN_UNUSED_VARIABLE = YES;
				IPHONEOS_DEPLOYMENT_TARGET = 16.4;
				MTL_ENABLE_DEBUG_INFO = NO;
				MTL_FAST_MATH = YES;
				SDKROOT = iphoneos;
				SWIFT_COMPILATION_MODE = wholemodule;
				SWIFT_OPTIMIZATION_LEVEL = "-O";
				VALIDATE_PRODUCT = YES;
			};
			name = Release;
		};
		A36E56B129FBB74600DD375F /* Debug */ = {
			isa = XCBuildConfiguration;
			buildSettings = {
				ASSETCATALOG_COMPILER_APPICON_NAME = AppIcon;
				ASSETCATALOG_COMPILER_GLOBAL_ACCENT_COLOR_NAME = AccentColor;
				CODE_SIGN_STYLE = Automatic;
				CURRENT_PROJECT_VERSION = 1;
				DEVELOPMENT_TEAM = KVXRF2P4M5;
				GENERATE_INFOPLIST_FILE = YES;
				INFOPLIST_FILE = MyWeather/Info.plist;
				INFOPLIST_KEY_UIApplicationSupportsIndirectInputEvents = YES;
				INFOPLIST_KEY_UILaunchStoryboardName = LaunchScreen;
				INFOPLIST_KEY_UIMainStoryboardFile = Main;
				INFOPLIST_KEY_UISupportedInterfaceOrientations_iPad = "UIInterfaceOrientationPortrait UIInterfaceOrientationPortraitUpsideDown UIInterfaceOrientationLandscapeLeft UIInterfaceOrientationLandscapeRight";
				INFOPLIST_KEY_UISupportedInterfaceOrientations_iPhone = "UIInterfaceOrientationPortrait UIInterfaceOrientationLandscapeLeft UIInterfaceOrientationLandscapeRight";
				IPHONEOS_DEPLOYMENT_TARGET = 16.0;
				LD_RUNPATH_SEARCH_PATHS = (
					"$(inherited)",
					"@executable_path/Frameworks",
				);
				MARKETING_VERSION = 1.0;
				PRODUCT_BUNDLE_IDENTIFIER = Ilya.MyWeather;
				PRODUCT_NAME = "$(TARGET_NAME)";
				SUPPORTED_PLATFORMS = "iphoneos iphonesimulator";
				SUPPORTS_MACCATALYST = NO;
				SUPPORTS_MAC_DESIGNED_FOR_IPHONE_IPAD = NO;
				SWIFT_EMIT_LOC_STRINGS = YES;
				SWIFT_VERSION = 5.0;
				TARGETED_DEVICE_FAMILY = 1;
			};
			name = Debug;
		};
		A36E56B229FBB74600DD375F /* Release */ = {
			isa = XCBuildConfiguration;
			buildSettings = {
				ASSETCATALOG_COMPILER_APPICON_NAME = AppIcon;
				ASSETCATALOG_COMPILER_GLOBAL_ACCENT_COLOR_NAME = AccentColor;
				CODE_SIGN_STYLE = Automatic;
				CURRENT_PROJECT_VERSION = 1;
				DEVELOPMENT_TEAM = KVXRF2P4M5;
				GENERATE_INFOPLIST_FILE = YES;
				INFOPLIST_FILE = MyWeather/Info.plist;
				INFOPLIST_KEY_UIApplicationSupportsIndirectInputEvents = YES;
				INFOPLIST_KEY_UILaunchStoryboardName = LaunchScreen;
				INFOPLIST_KEY_UIMainStoryboardFile = Main;
				INFOPLIST_KEY_UISupportedInterfaceOrientations_iPad = "UIInterfaceOrientationPortrait UIInterfaceOrientationPortraitUpsideDown UIInterfaceOrientationLandscapeLeft UIInterfaceOrientationLandscapeRight";
				INFOPLIST_KEY_UISupportedInterfaceOrientations_iPhone = "UIInterfaceOrientationPortrait UIInterfaceOrientationLandscapeLeft UIInterfaceOrientationLandscapeRight";
				IPHONEOS_DEPLOYMENT_TARGET = 16.0;
				LD_RUNPATH_SEARCH_PATHS = (
					"$(inherited)",
					"@executable_path/Frameworks",
				);
				MARKETING_VERSION = 1.0;
				PRODUCT_BUNDLE_IDENTIFIER = Ilya.MyWeather;
				PRODUCT_NAME = "$(TARGET_NAME)";
				SUPPORTED_PLATFORMS = "iphoneos iphonesimulator";
				SUPPORTS_MACCATALYST = NO;
				SUPPORTS_MAC_DESIGNED_FOR_IPHONE_IPAD = NO;
				SWIFT_EMIT_LOC_STRINGS = YES;
				SWIFT_VERSION = 5.0;
				TARGETED_DEVICE_FAMILY = 1;
			};
			name = Release;
		};
/* End XCBuildConfiguration section */

/* Begin XCConfigurationList section */
		A36E569729FBB74500DD375F /* Build configuration list for PBXProject "MyWeather" */ = {
			isa = XCConfigurationList;
			buildConfigurations = (
				A36E56AE29FBB74600DD375F /* Debug */,
				A36E56AF29FBB74600DD375F /* Release */,
			);
			defaultConfigurationIsVisible = 0;
			defaultConfigurationName = Release;
		};
		A36E56B029FBB74600DD375F /* Build configuration list for PBXNativeTarget "MyWeather" */ = {
			isa = XCConfigurationList;
			buildConfigurations = (
				A36E56B129FBB74600DD375F /* Debug */,
				A36E56B229FBB74600DD375F /* Release */,
			);
			defaultConfigurationIsVisible = 0;
			defaultConfigurationName = Release;
		};
/* End XCConfigurationList section */
	};
	rootObject = A36E569429FBB74500DD375F /* Project object */;
}
